
Microsoft Visual Studio Solution File, Format Version 12.00
# Visual Studio Version 17
VisualStudioVersion = 17.11.35312.102
MinimumVisualStudioVersion = 10.0.40219.1
Project("{9A19103F-16F7-4668-BE54-9A1E7A4F7556}") = "SecureStore.API", "SecureStore.API\SecureStore.API.csproj", "{8FAA6730-B25D-473C-B66A-E0591A0DEC5F}"
EndProject
Project("{FAE04EC0-301F-11D3-BF4B-00C04F79EFBC}") = "SecureStore.MVC", "SecureStoreMVC\SecureStore.MVC.csproj", "{09B5609F-2C9C-40C7-9096-715323DB5C2E}"
EndProject
Global
	GlobalSection(SolutionConfigurationPlatforms) = preSolution
		Debug|Any CPU = Debug|Any CPU
		Release|Any CPU = Release|Any CPU
	EndGlobalSection
	GlobalSection(ProjectConfigurationPlatforms) = postSolution
		{8FAA6730-B25D-473C-B66A-E0591A0DEC5F}.Debug|Any CPU.ActiveCfg = Debug|Any CPU
		{8FAA6730-B25D-473C-B66A-E0591A0DEC5F}.Debug|Any CPU.Build.0 = Debug|Any CPU
		{8FAA6730-B25D-473C-B66A-E0591A0DEC5F}.Release|Any CPU.ActiveCfg = Release|Any CPU
		{8FAA6730-B25D-473C-B66A-E0591A0DEC5F}.Release|Any CPU.Build.0 = Release|Any CPU
		{09B5609F-2C9C-40C7-9096-715323DB5C2E}.Debug|Any CPU.ActiveCfg = Debug|Any CPU
		{09B5609F-2C9C-40C7-9096-715323DB5C2E}.Debug|Any CPU.Build.0 = Debug|Any CPU
		{09B5609F-2C9C-40C7-9096-715323DB5C2E}.Release|Any CPU.ActiveCfg = Release|Any CPU
		{09B5609F-2C9C-40C7-9096-715323DB5C2E}.Release|Any CPU.Build.0 = Release|Any CPU
	EndGlobalSection
	GlobalSection(SolutionProperties) = preSolution
		HideSolutionNode = FALSE
	EndGlobalSection
	GlobalSection(ExtensibilityGlobals) = postSolution
		SolutionGuid = {40220D9D-7721-4B66-82FD-CB7F274C9450}
	EndGlobalSection
EndGlobal
